// !$*UTF8*$!
{
	archiveVersion = 1;
	classes = {
	};
	objectVersion = 50;
	objects = {

/* Begin PBXBuildFile section */
		184E7C152567F59300B20C3E /* AppDelegate.m in Sources */ = {isa = PBXBuildFile; fileRef = 184E7C142567F59300B20C3E /* AppDelegate.m */; };
		184E7C182567F59300B20C3E /* ViewController.m in Sources */ = {isa = PBXBuildFile; fileRef = 184E7C172567F59300B20C3E /* ViewController.m */; };
		184E7C1A2567F59600B20C3E /* Assets.xcassets in Resources */ = {isa = PBXBuildFile; fileRef = 184E7C192567F59600B20C3E /* Assets.xcassets */; };
		184E7C1D2567F59600B20C3E /* Main.storyboard in Resources */ = {isa = PBXBuildFile; fileRef = 184E7C1B2567F59600B20C3E /* Main.storyboard */; };
		184E7C202567F59600B20C3E /* main.m in Sources */ = {isa = PBXBuildFile; fileRef = 184E7C1F2567F59600B20C3E /* main.m */; };
/* End PBXBuildFile section */

/* Begin PBXFileReference section */
		184E7C102567F59300B20C3E /* learnGitee.app */ = {isa = PBXFileReference; explicitFileType = wrapper.application; includeInIndex = 0; path = learnGitee.app; sourceTree = BUILT_PRODUCTS_DIR; };
		184E7C132567F59300B20C3E /* AppDelegate.h */ = {isa = PBXFileReference; lastKnownFileType = sourcecode.c.h; path = AppDelegate.h; sourceTree = "<group>"; };
		184E7C142567F59300B20C3E /* AppDelegate.m */ = {isa = PBXFileReference; lastKnownFileType = sourcecode.c.objc; path = AppDelegate.m; sourceTree = "<group>"; };
		184E7C162567F59300B20C3E /* ViewController.h */ = {isa = PBXFileReference; lastKnownFileType = sourcecode.c.h; path = ViewController.h; sourceTree = "<group>"; };
		184E7C172567F59300B20C3E /* ViewController.m */ = {isa = PBXFileReference; lastKnownFileType = sourcecode.c.objc; path = ViewController.m; sourceTree = "<group>"; };
		184E7C192567F59600B20C3E /* Assets.xcassets */ = {isa = PBXFileReference; lastKnownFileType = folder.assetcatalog; path = Assets.xcassets; sourceTree = "<group>"; };
		184E7C1C2567F59600B20C3E /* Base */ = {isa = PBXFileReference; lastKnownFileType = file.storyboard; name = Base; path = Base.lproj/Main.storyboard; sourceTree = "<group>"; };
		184E7C1E2567F59600B20C3E /* Info.plist */ = {isa = PBXFileReference; lastKnownFileType = text.plist.xml; path = Info.plist; sourceTree = "<group>"; };
		184E7C1F2567F59600B20C3E /* main.m */ = {isa = PBXFileReference; lastKnownFileType = sourcecode.c.objc; path = main.m; sourceTree = "<group>"; };
		184E7C212567F59600B20C3E /* learnGitee.entitlements */ = {isa = PBXFileReference; lastKnownFileType = text.plist.entitlements; path = learnGitee.entitlements; sourceTree = "<group>"; };
/* End PBXFileReference section */

/* Begin PBXFrameworksBuildPhase section */
		184E7C0D2567F59300B20C3E /* Frameworks */ = {
			isa = PBXFrameworksBuildPhase;
			buildActionMask = 2147483647;
			files = (
			);
			runOnlyForDeploymentPostprocessing = 0;
		};
/* End PBXFrameworksBuildPhase section */

/* Begin PBXGroup section */
		184E7C072567F59300B20C3E = {
			isa = PBXGroup;
			children = (
				184E7C122567F59300B20C3E /* learnGitee */,
				184E7C112567F59300B20C3E /* Products */,
			);
			sourceTree = "<group>";
		};
		184E7C112567F59300B20C3E /* Products */ = {
			isa = PBXGroup;
			children = (
				184E7C102567F59300B20C3E /* learnGitee.app */,
			);
			name = Products;
			sourceTree = "<group>";
		};
		184E7C122567F59300B20C3E /* learnGitee */ = {
			isa = PBXGroup;
			children = (
				184E7C132567F59300B20C3E /* AppDelegate.h */,
				184E7C142567F59300B20C3E /* AppDelegate.m */,
				184E7C162567F59300B20C3E /* ViewController.h */,
				184E7C172567F59300B20C3E /* ViewController.m */,
				184E7C192567F59600B20C3E /* Assets.xcassets */,
				184E7C1B2567F59600B20C3E /* Main.storyboard */,
				184E7C1E2567F59600B20C3E /* Info.plist */,
				184E7C1F2567F59600B20C3E /* main.m */,
				184E7C212567F59600B20C3E /* learnGitee.entitlements */,
			);
			path = learnGitee;
			sourceTree = "<group>";
		};
/* End PBXGroup section */

/* Begin PBXNativeTarget section */
		184E7C0F2567F59300B20C3E /* learnGitee */ = {
			isa = PBXNativeTarget;
			buildConfigurationList = 184E7C242567F59600B20C3E /* Build configuration list for PBXNativeTarget "learnGitee" */;
			buildPhases = (
				184E7C0C2567F59300B20C3E /* Sources */,
				184E7C0D2567F59300B20C3E /* Frameworks */,
				184E7C0E2567F59300B20C3E /* Resources */,
			);
			buildRules = (
			);
			dependencies = (
			);
			name = learnGitee;
			productName = learnGitee;
			productReference = 184E7C102567F59300B20C3E /* learnGitee.app */;
			productType = "com.apple.product-type.application";
		};
/* End PBXNativeTarget section */

/* Begin PBXProject section */
		184E7C082567F59300B20C3E /* Project object */ = {
			isa = PBXProject;
			attributes = {
				LastUpgradeCheck = 1130;
				ORGANIZATIONNAME = com.shuntao;
				TargetAttributes = {
					184E7C0F2567F59300B20C3E = {
						CreatedOnToolsVersion = 11.3.1;
					};
				};
			};
			buildConfigurationList = 184E7C0B2567F59300B20C3E /* Build configuration list for PBXProject "learnGitee" */;
			compatibilityVersion = "Xcode 9.3";
			developmentRegion = en;
			hasScannedForEncodings = 0;
			knownRegions = (
				en,
				Base,
			);
			mainGroup = 184E7C072567F59300B20C3E;
			productRefGroup = 184E7C112567F59300B20C3E /* Products */;
			projectDirPath = "";
			projectRoot = "";
			targets = (
				184E7C0F2567F59300B20C3E /* learnGitee */,
			);
		};
/* End PBXProject section */

/* Begin PBXResourcesBuildPhase section */
		184E7C0E2567F59300B20C3E /* Resources */ = {
			isa = PBXResourcesBuildPhase;
			buildActionMask = 2147483647;
			files = (
				184E7C1A2567F59600B20C3E /* Assets.xcassets in Resources */,
				184E7C1D2567F59600B20C3E /* Main.storyboard in Resources */,
			);
			runOnlyForDeploymentPostprocessing = 0;
		};
/* End PBXResourcesBuildPhase section */

/* Begin PBXSourcesBuildPhase section */
		184E7C0C2567F59300B20C3E /* Sources */ = {
			isa = PBXSourcesBuildPhase;
			buildActionMask = 2147483647;
			files = (
				184E7C182567F59300B20C3E /* ViewController.m in Sources */,
				184E7C202567F59600B20C3E /* main.m in Sources */,
				184E7C152567F59300B20C3E /* AppDelegate.m in Sources */,
			);
			runOnlyForDeploymentPostprocessing = 0;
		};
/* End PBXSourcesBuildPhase section */

/* Begin PBXVariantGroup section */
		184E7C1B2567F59600B20C3E /* Main.storyboard */ = {
			isa = PBXVariantGroup;
			children = (
				184E7C1C2567F59600B20C3E /* Base */,
			);
			name = Main.storyboard;
			sourceTree = "<group>";
		};
/* End PBXVariantGroup section */

/* Begin XCBuildConfiguration section */
		184E7C222567F59600B20C3E /* Debug */ = {
			isa = XCBuildConfiguration;
			buildSettings = {
				ALWAYS_SEARCH_USER_PATHS = NO;
				CLANG_ANALYZER_NONNULL = YES;
				CLANG_ANALYZER_NUMBER_OBJECT_CONVERSION = YES_AGGRESSIVE;
				CLANG_CXX_LANGUAGE_STANDARD = "gnu++14";
				CLANG_CXX_LIBRARY = "libc++";
				CLANG_ENABLE_MODULES = YES;
				CLANG_ENABLE_OBJC_ARC = YES;
				CLANG_ENABLE_OBJC_WEAK = YES;
				CLANG_WARN_BLOCK_CAPTURE_AUTORELEASING = YES;
				CLANG_WARN_BOOL_CONVERSION = YES;
				CLANG_WARN_COMMA = YES;
				CLANG_WARN_CONSTANT_CONVERSION = YES;
				CLANG_WARN_DEPRECATED_OBJC_IMPLEMENTATIONS = YES;
				CLANG_WARN_DIRECT_OBJC_ISA_USAGE = YES_ERROR;
				CLANG_WARN_DOCUMENTATION_COMMENTS = YES;
				CLANG_WARN_EMPTY_BODY = YES;
				CLANG_WARN_ENUM_CONVERSION = YES;
				CLANG_WARN_INFINITE_RECURSION = YES;
				CLANG_WARN_INT_CONVERSION = YES;
				CLANG_WARN_NON_LITERAL_NULL_CONVERSION = YES;
				CLANG_WARN_OBJC_IMPLICIT_RETAIN_SELF = YES;
				CLANG_WARN_OBJC_LITERAL_CONVERSION = YES;
				CLANG_WARN_OBJC_ROOT_CLASS = YES_ERROR;
				CLANG_WARN_RANGE_LOOP_ANALYSIS = YES;
				CLANG_WARN_STRICT_PROTOTYPES = YES;
				CLANG_WARN_SUSPICIOUS_MOVE = YES;
				CLANG_WARN_UNGUARDED_AVAILABILITY = YES_AGGRESSIVE;
				CLANG_WARN_UNREACHABLE_CODE = YES;
				CLANG_WARN__DUPLICATE_METHOD_MATCH = YES;
				COPY_PHASE_STRIP = NO;
				DEBUG_INFORMATION_FORMAT = dwarf;
				ENABLE_STRICT_OBJC_MSGSEND = YES;
				ENABLE_TESTABILITY = YES;
				GCC_C_LANGUAGE_STANDARD = gnu11;
				GCC_DYNAMIC_NO_PIC = NO;
				GCC_NO_COMMON_BLOCKS = YES;
				GCC_OPTIMIZATION_LEVEL = 0;
				GCC_PREPROCESSOR_DEFINITIONS = (
					"DEBUG=1",
					"$(inherited)",
				);
				GCC_WARN_64_TO_32_BIT_CONVERSION = YES;
				GCC_WARN_ABOUT_RETURN_TYPE = YES_ERROR;
				GCC_WARN_UNDECLARED_SELECTOR = YES;
				GCC_WARN_UNINITIALIZED_AUTOS = YES_AGGRESSIVE;
				GCC_WARN_UNUSED_FUNCTION = YES;
				GCC_WARN_UNUSED_VARIABLE = YES;
				MACOSX_DEPLOYMENT_TARGET = 10.14;
				MTL_ENABLE_DEBUG_INFO = INCLUDE_SOURCE;
				MTL_FAST_MATH = YES;
				ONLY_ACTIVE_ARCH = YES;
				SDKROOT = macosx;
			};
			name = Debug;
		};
		184E7C232567F59600B20C3E /* Release */ = {
			isa = XCBuildConfiguration;
			buildSettings = {
				ALWAYS_SEARCH_USER_PATHS = NO;
				CLANG_ANALYZER_NONNULL = YES;
				CLANG_ANALYZER_NUMBER_OBJECT_CONVERSION = YES_AGGRESSIVE;
				CLANG_CXX_LANGUAGE_STANDARD = "gnu++14";
				CLANG_CXX_LIBRARY = "libc++";
				CLANG_ENABLE_MODULES = YES;
				CLANG_ENABLE_OBJC_ARC = YES;
				CLANG_ENABLE_OBJC_WEAK = YES;
				CLANG_WARN_BLOCK_CAPTURE_AUTORELEASING = YES;
				CLANG_WARN_BOOL_CONVERSION = YES;
				CLANG_WARN_COMMA = YES;
				CLANG_WARN_CONSTANT_CONVERSION = YES;
				CLANG_WARN_DEPRECATED_OBJC_IMPLEMENTATIONS = YES;
				CLANG_WARN_DIRECT_OBJC_ISA_USAGE = YES_ERROR;
				CLANG_WARN_DOCUMENTATION_COMMENTS = YES;
				CLANG_WARN_EMPTY_BODY = YES;
				CLANG_WARN_ENUM_CONVERSION = YES;
				CLANG_WARN_INFINITE_RECURSION = YES;
				CLANG_WARN_INT_CONVERSION = YES;
				CLANG_WARN_NON_LITERAL_NULL_CONVERSION = YES;
				CLANG_WARN_OBJC_IMPLICIT_RETAIN_SELF = YES;
				CLANG_WARN_OBJC_LITERAL_CONVERSION = YES;
				CLANG_WARN_OBJC_ROOT_CLASS = YES_ERROR;
				CLANG_WARN_RANGE_LOOP_ANALYSIS = YES;
				CLANG_WARN_STRICT_PROTOTYPES = YES;
				CLANG_WARN_SUSPICIOUS_MOVE = YES;
				CLANG_WARN_UNGUARDED_AVAILABILITY = YES_AGGRESSIVE;
				CLANG_WARN_UNREACHABLE_CODE = YES;
				CLANG_WARN__DUPLICATE_METHOD_MATCH = YES;
				COPY_PHASE_STRIP = NO;
				DEBUG_INFORMATION_FORMAT = "dwarf-with-dsym";
				ENABLE_NS_ASSERTIONS = NO;
				ENABLE_STRICT_OBJC_MSGSEND = YES;
				GCC_C_LANGUAGE_STANDARD = gnu11;
				GCC_NO_COMMON_BLOCKS = YES;
				GCC_WARN_64_TO_32_BIT_CONVERSION = YES;
				GCC_WARN_ABOUT_RETURN_TYPE = YES_ERROR;
				GCC_WARN_UNDECLARED_SELECTOR = YES;
				GCC_WARN_UNINITIALIZED_AUTOS = YES_AGGRESSIVE;
				GCC_WARN_UNUSED_FUNCTION = YES;
				GCC_WARN_UNUSED_VARIABLE = YES;
				MACOSX_DEPLOYMENT_TARGET = 10.14;
				MTL_ENABLE_DEBUG_INFO = NO;
				MTL_FAST_MATH = YES;
				SDKROOT = macosx;
			};
			name = Release;
		};
		184E7C252567F59600B20C3E /* Debug */ = {
			isa = XCBuildConfiguration;
			buildSettings = {
				ASSETCATALOG_COMPILER_APPICON_NAME = AppIcon;
				CODE_SIGN_ENTITLEMENTS = learnGitee/learnGitee.entitlements;
				CODE_SIGN_STYLE = Automatic;
				COMBINE_HIDPI_IMAGES = YES;
				INFOPLIST_FILE = learnGitee/Info.plist;
				LD_RUNPATH_SEARCH_PATHS = (
					"$(inherited)",
					"@executable_path/../Frameworks",
				);
				PRODUCT_BUNDLE_IDENTIFIER = com.shuntao.learnGitee;
				PRODUCT_NAME = "$(TARGET_NAME)";
			};
			name = Debug;
		};
		184E7C262567F59600B20C3E /* Release */ = {
			isa = XCBuildConfiguration;
			buildSettings = {
				ASSETCATALOG_COMPILER_APPICON_NAME = AppIcon;
				CODE_SIGN_ENTITLEMENTS = learnGitee/learnGitee.entitlements;
				CODE_SIGN_STYLE = Automatic;
				COMBINE_HIDPI_IMAGES = YES;
				INFOPLIST_FILE = learnGitee/Info.plist;
				LD_RUNPATH_SEARCH_PATHS = (
					"$(inherited)",
					"@executable_path/../Frameworks",
				);
				PRODUCT_BUNDLE_IDENTIFIER = com.shuntao.learnGitee;
				PRODUCT_NAME = "$(TARGET_NAME)";
			};
			name = Release;
		};
/* End XCBuildConfiguration section */

/* Begin XCConfigurationList section */
		184E7C0B2567F59300B20C3E /* Build configuration list for PBXProject "learnGitee" */ = {
			isa = XCConfigurationList;
			buildConfigurations = (
				184E7C222567F59600B20C3E /* Debug */,
				184E7C232567F59600B20C3E /* Release */,
			);
			defaultConfigurationIsVisible = 0;
			defaultConfigurationName = Release;
		};
		184E7C242567F59600B20C3E /* Build configuration list for PBXNativeTarget "learnGitee" */ = {
			isa = XCConfigurationList;
			buildConfigurations = (
				184E7C252567F59600B20C3E /* Debug */,
				184E7C262567F59600B20C3E /* Release */,
			);
			defaultConfigurationIsVisible = 0;
			defaultConfigurationName = Release;
		};
/* End XCConfigurationList section */
	};
	rootObject = 184E7C082567F59300B20C3E /* Project object */;
}
